// !$*UTF8*$!
{
	archiveVersion = 1;
	classes = {
	};
	objectVersion = 51;
	objects = {

/* Begin PBXBuildFile section */
		350BA31EA62ED83F9D717AF1 /* Pods_test4.framework in Frameworks */ = {isa = PBXBuildFile; fileRef = 5E52A1A59490A6E4742B744E /* Pods_test4.framework */; };
		85C4BC13246582480056DD7B /* AppDelegate.swift in Sources */ = {isa = PBXBuildFile; fileRef = 85C4BC12246582480056DD7B /* AppDelegate.swift */; };
		85C4BC15246582480056DD7B /* SceneDelegate.swift in Sources */ = {isa = PBXBuildFile; fileRef = 85C4BC14246582480056DD7B /* SceneDelegate.swift */; };
		85C4BC17246582480056DD7B /* MainViewController.swift in Sources */ = {isa = PBXBuildFile; fileRef = 85C4BC16246582480056DD7B /* MainViewController.swift */; };
		85C4BC1A246582480056DD7B /* Main.storyboard in Resources */ = {isa = PBXBuildFile; fileRef = 85C4BC18246582480056DD7B /* Main.storyboard */; };
		85C4BC1C2465824B0056DD7B /* Assets.xcassets in Resources */ = {isa = PBXBuildFile; fileRef = 85C4BC1B2465824B0056DD7B /* Assets.xcassets */; };
		85C4BC1F2465824B0056DD7B /* LaunchScreen.storyboard in Resources */ = {isa = PBXBuildFile; fileRef = 85C4BC1D2465824B0056DD7B /* LaunchScreen.storyboard */; };
		85C4BC2B246586550056DD7B /* MainViewModel.swift in Sources */ = {isa = PBXBuildFile; fileRef = 85C4BC2A246586550056DD7B /* MainViewModel.swift */; };
		85C4BC2D246586E80056DD7B /* APIProvider.swift in Sources */ = {isa = PBXBuildFile; fileRef = 85C4BC2C246586E80056DD7B /* APIProvider.swift */; };
		85C4BC30246587B40056DD7B /* Constants.swift in Sources */ = {isa = PBXBuildFile; fileRef = 85C4BC2F246587B40056DD7B /* Constants.swift */; };
		85C4BC3324658E1B0056DD7B /* Article.swift in Sources */ = {isa = PBXBuildFile; fileRef = 85C4BC3224658E1A0056DD7B /* Article.swift */; };
		85C4BC3524658E810056DD7B /* NewsResponseModel.swift in Sources */ = {isa = PBXBuildFile; fileRef = 85C4BC3424658E810056DD7B /* NewsResponseModel.swift */; };
		85C4BC3724658F9E0056DD7B /* Source.swift in Sources */ = {isa = PBXBuildFile; fileRef = 85C4BC3624658F9E0056DD7B /* Source.swift */; };
		85C4BC3A246593FF0056DD7B /* MainSectionModel.swift in Sources */ = {isa = PBXBuildFile; fileRef = 85C4BC39246593FF0056DD7B /* MainSectionModel.swift */; };
		85C4BC3E2465943F0056DD7B /* ArticleCellViewModel.swift in Sources */ = {isa = PBXBuildFile; fileRef = 85C4BC3D2465943F0056DD7B /* ArticleCellViewModel.swift */; };
		85C4BC41246594A50056DD7B /* ArticleTableViewCell.swift in Sources */ = {isa = PBXBuildFile; fileRef = 85C4BC3F246594A50056DD7B /* ArticleTableViewCell.swift */; };
		85C4BC42246594A50056DD7B /* ArticleTableViewCell.xib in Resources */ = {isa = PBXBuildFile; fileRef = 85C4BC40246594A50056DD7B /* ArticleTableViewCell.xib */; };
		85C4BC45246597870056DD7B /* TableView_Extensions.swift in Sources */ = {isa = PBXBuildFile; fileRef = 85C4BC44246597870056DD7B /* TableView_Extensions.swift */; };
/* End PBXBuildFile section */

/* Begin PBXFileReference section */
		1F87060C045609B9BDC0B3CC /* Pods-test4.release.xcconfig */ = {isa = PBXFileReference; includeInIndex = 1; lastKnownFileType = text.xcconfig; name = "Pods-test4.release.xcconfig"; path = "Target Support Files/Pods-test4/Pods-test4.release.xcconfig"; sourceTree = "<group>"; };
		5E52A1A59490A6E4742B744E /* Pods_test4.framework */ = {isa = PBXFileReference; explicitFileType = wrapper.framework; includeInIndex = 0; path = Pods_test4.framework; sourceTree = BUILT_PRODUCTS_DIR; };
		85C4BC0F246582470056DD7B /* test4.app */ = {isa = PBXFileReference; explicitFileType = wrapper.application; includeInIndex = 0; path = test4.app; sourceTree = BUILT_PRODUCTS_DIR; };
		85C4BC12246582480056DD7B /* AppDelegate.swift */ = {isa = PBXFileReference; lastKnownFileType = sourcecode.swift; path = AppDelegate.swift; sourceTree = "<group>"; };
		85C4BC14246582480056DD7B /* SceneDelegate.swift */ = {isa = PBXFileReference; lastKnownFileType = sourcecode.swift; path = SceneDelegate.swift; sourceTree = "<group>"; };
		85C4BC16246582480056DD7B /* MainViewController.swift */ = {isa = PBXFileReference; lastKnownFileType = sourcecode.swift; path = MainViewController.swift; sourceTree = "<group>"; };
		85C4BC19246582480056DD7B /* Base */ = {isa = PBXFileReference; lastKnownFileType = file.storyboard; name = Base; path = Base.lproj/Main.storyboard; sourceTree = "<group>"; };
		85C4BC1B2465824B0056DD7B /* Assets.xcassets */ = {isa = PBXFileReference; lastKnownFileType = folder.assetcatalog; path = Assets.xcassets; sourceTree = "<group>"; };
		85C4BC1E2465824B0056DD7B /* Base */ = {isa = PBXFileReference; lastKnownFileType = file.storyboard; name = Base; path = Base.lproj/LaunchScreen.storyboard; sourceTree = "<group>"; };
		85C4BC202465824B0056DD7B /* Info.plist */ = {isa = PBXFileReference; lastKnownFileType = text.plist.xml; path = Info.plist; sourceTree = "<group>"; };
		85C4BC2A246586550056DD7B /* MainViewModel.swift */ = {isa = PBXFileReference; lastKnownFileType = sourcecode.swift; path = MainViewModel.swift; sourceTree = "<group>"; };
		85C4BC2C246586E80056DD7B /* APIProvider.swift */ = {isa = PBXFileReference; lastKnownFileType = sourcecode.swift; path = APIProvider.swift; sourceTree = "<group>"; };
		85C4BC2F246587B40056DD7B /* Constants.swift */ = {isa = PBXFileReference; lastKnownFileType = sourcecode.swift; path = Constants.swift; sourceTree = "<group>"; };
		85C4BC3224658E1A0056DD7B /* Article.swift */ = {isa = PBXFileReference; lastKnownFileType = sourcecode.swift; path = Article.swift; sourceTree = "<group>"; };
		85C4BC3424658E810056DD7B /* NewsResponseModel.swift */ = {isa = PBXFileReference; lastKnownFileType = sourcecode.swift; path = NewsResponseModel.swift; sourceTree = "<group>"; };
		85C4BC3624658F9E0056DD7B /* Source.swift */ = {isa = PBXFileReference; lastKnownFileType = sourcecode.swift; path = Source.swift; sourceTree = "<group>"; };
		85C4BC39246593FF0056DD7B /* MainSectionModel.swift */ = {isa = PBXFileReference; lastKnownFileType = sourcecode.swift; path = MainSectionModel.swift; sourceTree = "<group>"; };
		85C4BC3D2465943F0056DD7B /* ArticleCellViewModel.swift */ = {isa = PBXFileReference; lastKnownFileType = sourcecode.swift; path = ArticleCellViewModel.swift; sourceTree = "<group>"; };
		85C4BC3F246594A50056DD7B /* ArticleTableViewCell.swift */ = {isa = PBXFileReference; lastKnownFileType = sourcecode.swift; path = ArticleTableViewCell.swift; sourceTree = "<group>"; };
		85C4BC40246594A50056DD7B /* ArticleTableViewCell.xib */ = {isa = PBXFileReference; lastKnownFileType = file.xib; path = ArticleTableViewCell.xib; sourceTree = "<group>"; };
		85C4BC44246597870056DD7B /* TableView_Extensions.swift */ = {isa = PBXFileReference; lastKnownFileType = sourcecode.swift; path = TableView_Extensions.swift; sourceTree = "<group>"; };
		988FC008286E456E3249190F /* Pods-test4.debug.xcconfig */ = {isa = PBXFileReference; includeInIndex = 1; lastKnownFileType = text.xcconfig; name = "Pods-test4.debug.xcconfig"; path = "Target Support Files/Pods-test4/Pods-test4.debug.xcconfig"; sourceTree = "<group>"; };
/* End PBXFileReference section */

/* Begin PBXFrameworksBuildPhase section */
		85C4BC0C246582470056DD7B /* Frameworks */ = {
			isa = PBXFrameworksBuildPhase;
			buildActionMask = 2147483647;
			files = (
				350BA31EA62ED83F9D717AF1 /* Pods_test4.framework in Frameworks */,
			);
			runOnlyForDeploymentPostprocessing = 0;
		};
/* End PBXFrameworksBuildPhase section */

/* Begin PBXGroup section */
		85C4BC06246582470056DD7B = {
			isa = PBXGroup;
			children = (
				85C4BC11246582470056DD7B /* test4 */,
				85C4BC10246582470056DD7B /* Products */,
				D60B7526EAF02F151E8EA6EF /* Pods */,
				90C7DD111D336ED25068109F /* Frameworks */,
			);
			sourceTree = "<group>";
		};
		85C4BC10246582470056DD7B /* Products */ = {
			isa = PBXGroup;
			children = (
				85C4BC0F246582470056DD7B /* test4.app */,
			);
			name = Products;
			sourceTree = "<group>";
		};
		85C4BC11246582470056DD7B /* test4 */ = {
			isa = PBXGroup;
			children = (
				85C4BC43246597720056DD7B /* Extensions */,
				85C4BC2E246587A40056DD7B /* Utilities */,
				85C4BC29246586070056DD7B /* Networking */,
				85C4BC26246584DD0056DD7B /* Application */,
				85C4BC3124658DFF0056DD7B /* Models */,
				85C4BC27246585020056DD7B /* Flows */,
				85C4BC18246582480056DD7B /* Main.storyboard */,
				85C4BC1B2465824B0056DD7B /* Assets.xcassets */,
				85C4BC1D2465824B0056DD7B /* LaunchScreen.storyboard */,
				85C4BC202465824B0056DD7B /* Info.plist */,
			);
			path = test4;
			sourceTree = "<group>";
		};
		85C4BC26246584DD0056DD7B /* Application */ = {
			isa = PBXGroup;
			children = (
				85C4BC12246582480056DD7B /* AppDelegate.swift */,
				85C4BC14246582480056DD7B /* SceneDelegate.swift */,
			);
			path = Application;
			sourceTree = "<group>";
		};
		85C4BC27246585020056DD7B /* Flows */ = {
			isa = PBXGroup;
			children = (
				85C4BC28246585180056DD7B /* Main */,
			);
			path = Flows;
			sourceTree = "<group>";
		};
		85C4BC28246585180056DD7B /* Main */ = {
			isa = PBXGroup;
			children = (
				85C4BC3B246594230056DD7B /* Cells */,
				85C4BC38246593D80056DD7B /* ViewModel */,
				85C4BC16246582480056DD7B /* MainViewController.swift */,
			);
			path = Main;
			sourceTree = "<group>";
		};
		85C4BC29246586070056DD7B /* Networking */ = {
			isa = PBXGroup;
			children = (
				85C4BC2C246586E80056DD7B /* APIProvider.swift */,
				85C4BC3424658E810056DD7B /* NewsResponseModel.swift */,
			);
			path = Networking;
			sourceTree = "<group>";
		};
		85C4BC2E246587A40056DD7B /* Utilities */ = {
			isa = PBXGroup;
			children = (
				85C4BC2F246587B40056DD7B /* Constants.swift */,
			);
			path = Utilities;
			sourceTree = "<group>";
		};
		85C4BC3124658DFF0056DD7B /* Models */ = {
			isa = PBXGroup;
			children = (
				85C4BC3224658E1A0056DD7B /* Article.swift */,
				85C4BC3624658F9E0056DD7B /* Source.swift */,
			);
			path = Models;
			sourceTree = "<group>";
		};
		85C4BC38246593D80056DD7B /* ViewModel */ = {
			isa = PBXGroup;
			children = (
				85C4BC2A246586550056DD7B /* MainViewModel.swift */,
				85C4BC39246593FF0056DD7B /* MainSectionModel.swift */,
			);
			path = ViewModel;
			sourceTree = "<group>";
		};
		85C4BC3B246594230056DD7B /* Cells */ = {
			isa = PBXGroup;
			children = (
				85C4BC3C246594290056DD7B /* ArticleCell */,
			);
			path = Cells;
			sourceTree = "<group>";
		};
		85C4BC3C246594290056DD7B /* ArticleCell */ = {
			isa = PBXGroup;
			children = (
				85C4BC3D2465943F0056DD7B /* ArticleCellViewModel.swift */,
				85C4BC3F246594A50056DD7B /* ArticleTableViewCell.swift */,
				85C4BC40246594A50056DD7B /* ArticleTableViewCell.xib */,
			);
			path = ArticleCell;
			sourceTree = "<group>";
		};
		85C4BC43246597720056DD7B /* Extensions */ = {
			isa = PBXGroup;
			children = (
				85C4BC44246597870056DD7B /* TableView_Extensions.swift */,
			);
			path = Extensions;
			sourceTree = "<group>";
		};
		90C7DD111D336ED25068109F /* Frameworks */ = {
			isa = PBXGroup;
			children = (
				5E52A1A59490A6E4742B744E /* Pods_test4.framework */,
			);
			name = Frameworks;
			sourceTree = "<group>";
		};
		D60B7526EAF02F151E8EA6EF /* Pods */ = {
			isa = PBXGroup;
			children = (
				988FC008286E456E3249190F /* Pods-test4.debug.xcconfig */,
				1F87060C045609B9BDC0B3CC /* Pods-test4.release.xcconfig */,
			);
			path = Pods;
			sourceTree = "<group>";
		};
/* End PBXGroup section */

/* Begin PBXNativeTarget section */
		85C4BC0E246582470056DD7B /* test4 */ = {
			isa = PBXNativeTarget;
			buildConfigurationList = 85C4BC232465824B0056DD7B /* Build configuration list for PBXNativeTarget "test4" */;
			buildPhases = (
				A2A5C3DAA8F96535653FAA77 /* [CP] Check Pods Manifest.lock */,
				85C4BC0B246582470056DD7B /* Sources */,
				85C4BC0C246582470056DD7B /* Frameworks */,
				85C4BC0D246582470056DD7B /* Resources */,
				7F3A5B24D19B9C75A702FA08 /* [CP] Embed Pods Frameworks */,
			);
			buildRules = (
			);
			dependencies = (
			);
			name = test4;
			productName = test4;
			productReference = 85C4BC0F246582470056DD7B /* test4.app */;
			productType = "com.apple.product-type.application";
		};
/* End PBXNativeTarget section */

/* Begin PBXProject section */
		85C4BC07246582470056DD7B /* Project object */ = {
			isa = PBXProject;
			attributes = {
				LastSwiftUpdateCheck = 1140;
				LastUpgradeCheck = 1140;
				ORGANIZATIONNAME = "Alexander Batalov";
				TargetAttributes = {
					85C4BC0E246582470056DD7B = {
						CreatedOnToolsVersion = 11.4.1;
					};
				};
			};
			buildConfigurationList = 85C4BC0A246582470056DD7B /* Build configuration list for PBXProject "test4" */;
			compatibilityVersion = "Xcode 9.3";
			developmentRegion = en;
			hasScannedForEncodings = 0;
			knownRegions = (
				en,
				Base,
			);
			mainGroup = 85C4BC06246582470056DD7B;
			productRefGroup = 85C4BC10246582470056DD7B /* Products */;
			projectDirPath = "";
			projectRoot = "";
			targets = (
				85C4BC0E246582470056DD7B /* test4 */,
			);
		};
/* End PBXProject section */

/* Begin PBXResourcesBuildPhase section */
		85C4BC0D246582470056DD7B /* Resources */ = {
			isa = PBXResourcesBuildPhase;
			buildActionMask = 2147483647;
			files = (
				85C4BC42246594A50056DD7B /* ArticleTableViewCell.xib in Resources */,
				85C4BC1F2465824B0056DD7B /* LaunchScreen.storyboard in Resources */,
				85C4BC1C2465824B0056DD7B /* Assets.xcassets in Resources */,
				85C4BC1A246582480056DD7B /* Main.storyboard in Resources */,
			);
			runOnlyForDeploymentPostprocessing = 0;
		};
/* End PBXResourcesBuildPhase section */

/* Begin PBXShellScriptBuildPhase section */
		7F3A5B24D19B9C75A702FA08 /* [CP] Embed Pods Frameworks */ = {
			isa = PBXShellScriptBuildPhase;
			buildActionMask = 2147483647;
			files = (
			);
			inputFileListPaths = (
				"${PODS_ROOT}/Target Support Files/Pods-test4/Pods-test4-frameworks-${CONFIGURATION}-input-files.xcfilelist",
			);
			name = "[CP] Embed Pods Frameworks";
			outputFileListPaths = (
				"${PODS_ROOT}/Target Support Files/Pods-test4/Pods-test4-frameworks-${CONFIGURATION}-output-files.xcfilelist",
			);
			runOnlyForDeploymentPostprocessing = 0;
			shellPath = /bin/sh;
			shellScript = "\"${PODS_ROOT}/Target Support Files/Pods-test4/Pods-test4-frameworks.sh\"\n";
			showEnvVarsInLog = 0;
		};
		A2A5C3DAA8F96535653FAA77 /* [CP] Check Pods Manifest.lock */ = {
			isa = PBXShellScriptBuildPhase;
			buildActionMask = 2147483647;
			files = (
			);
			inputFileListPaths = (
			);
			inputPaths = (
				"${PODS_PODFILE_DIR_PATH}/Podfile.lock",
				"${PODS_ROOT}/Manifest.lock",
			);
			name = "[CP] Check Pods Manifest.lock";
			outputFileListPaths = (
			);
			outputPaths = (
				"$(DERIVED_FILE_DIR)/Pods-test4-checkManifestLockResult.txt",
			);
			runOnlyForDeploymentPostprocessing = 0;
			shellPath = /bin/sh;
			shellScript = "diff \"${PODS_PODFILE_DIR_PATH}/Podfile.lock\" \"${PODS_ROOT}/Manifest.lock\" > /dev/null\nif [ $? != 0 ] ; then\n    # print error to STDERR\n    echo \"error: The sandbox is not in sync with the Podfile.lock. Run 'pod install' or update your CocoaPods installation.\" >&2\n    exit 1\nfi\n# This output is used by Xcode 'outputs' to avoid re-running this script phase.\necho \"SUCCESS\" > \"${SCRIPT_OUTPUT_FILE_0}\"\n";
			showEnvVarsInLog = 0;
		};
/* End PBXShellScriptBuildPhase section */

/* Begin PBXSourcesBuildPhase section */
		85C4BC0B246582470056DD7B /* Sources */ = {
			isa = PBXSourcesBuildPhase;
			buildActionMask = 2147483647;
			files = (
				85C4BC17246582480056DD7B /* MainViewController.swift in Sources */,
				85C4BC13246582480056DD7B /* AppDelegate.swift in Sources */,
				85C4BC2D246586E80056DD7B /* APIProvider.swift in Sources */,
				85C4BC15246582480056DD7B /* SceneDelegate.swift in Sources */,
				85C4BC41246594A50056DD7B /* ArticleTableViewCell.swift in Sources */,
				85C4BC3A246593FF0056DD7B /* MainSectionModel.swift in Sources */,
				85C4BC45246597870056DD7B /* TableView_Extensions.swift in Sources */,
				85C4BC2B246586550056DD7B /* MainViewModel.swift in Sources */,
				85C4BC3724658F9E0056DD7B /* Source.swift in Sources */,
				85C4BC3324658E1B0056DD7B /* Article.swift in Sources */,
				85C4BC30246587B40056DD7B /* Constants.swift in Sources */,
				85C4BC3E2465943F0056DD7B /* ArticleCellViewModel.swift in Sources */,
				85C4BC3524658E810056DD7B /* NewsResponseModel.swift in Sources */,
			);
			runOnlyForDeploymentPostprocessing = 0;
		};
/* End PBXSourcesBuildPhase section */

/* Begin PBXVariantGroup section */
		85C4BC18246582480056DD7B /* Main.storyboard */ = {
			isa = PBXVariantGroup;
			children = (
				85C4BC19246582480056DD7B /* Base */,
			);
			name = Main.storyboard;
			sourceTree = "<group>";
		};
		85C4BC1D2465824B0056DD7B /* LaunchScreen.storyboard */ = {
			isa = PBXVariantGroup;
			children = (
				85C4BC1E2465824B0056DD7B /* Base */,
			);
			name = LaunchScreen.storyboard;
			sourceTree = "<group>";
		};
/* End PBXVariantGroup section */

/* Begin XCBuildConfiguration section */
		85C4BC212465824B0056DD7B /* Debug */ = {
			isa = XCBuildConfiguration;
			buildSettings = {
				ALWAYS_SEARCH_USER_PATHS = NO;
				CLANG_ANALYZER_NONNULL = YES;
				CLANG_ANALYZER_NUMBER_OBJECT_CONVERSION = YES_AGGRESSIVE;
				CLANG_CXX_LANGUAGE_STANDARD = "gnu++14";
				CLANG_CXX_LIBRARY = "libc++";
				CLANG_ENABLE_MODULES = YES;
				CLANG_ENABLE_OBJC_ARC = YES;
				CLANG_ENABLE_OBJC_WEAK = YES;
				CLANG_WARN_BLOCK_CAPTURE_AUTORELEASING = YES;
				CLANG_WARN_BOOL_CONVERSION = YES;
				CLANG_WARN_COMMA = YES;
				CLANG_WARN_CONSTANT_CONVERSION = YES;
				CLANG_WARN_DEPRECATED_OBJC_IMPLEMENTATIONS = YES;
				CLANG_WARN_DIRECT_OBJC_ISA_USAGE = YES_ERROR;
				CLANG_WARN_DOCUMENTATION_COMMENTS = YES;
				CLANG_WARN_EMPTY_BODY = YES;
				CLANG_WARN_ENUM_CONVERSION = YES;
				CLANG_WARN_INFINITE_RECURSION = YES;
				CLANG_WARN_INT_CONVERSION = YES;
				CLANG_WARN_NON_LITERAL_NULL_CONVERSION = YES;
				CLANG_WARN_OBJC_IMPLICIT_RETAIN_SELF = YES;
				CLANG_WARN_OBJC_LITERAL_CONVERSION = YES;
				CLANG_WARN_OBJC_ROOT_CLASS = YES_ERROR;
				CLANG_WARN_RANGE_LOOP_ANALYSIS = YES;
				CLANG_WARN_STRICT_PROTOTYPES = YES;
				CLANG_WARN_SUSPICIOUS_MOVE = YES;
				CLANG_WARN_UNGUARDED_AVAILABILITY = YES_AGGRESSIVE;
				CLANG_WARN_UNREACHABLE_CODE = YES;
				CLANG_WARN__DUPLICATE_METHOD_MATCH = YES;
				COPY_PHASE_STRIP = NO;
				DEBUG_INFORMATION_FORMAT = dwarf;
				ENABLE_STRICT_OBJC_MSGSEND = YES;
				ENABLE_TESTABILITY = YES;
				GCC_C_LANGUAGE_STANDARD = gnu11;
				GCC_DYNAMIC_NO_PIC = NO;
				GCC_NO_COMMON_BLOCKS = YES;
				GCC_OPTIMIZATION_LEVEL = 0;
				GCC_PREPROCESSOR_DEFINITIONS = (
					"DEBUG=1",
					"$(inherited)",
				);
				GCC_WARN_64_TO_32_BIT_CONVERSION = YES;
				GCC_WARN_ABOUT_RETURN_TYPE = YES_ERROR;
				GCC_WARN_UNDECLARED_SELECTOR = YES;
				GCC_WARN_UNINITIALIZED_AUTOS = YES_AGGRESSIVE;
				GCC_WARN_UNUSED_FUNCTION = YES;
				GCC_WARN_UNUSED_VARIABLE = YES;
				IPHONEOS_DEPLOYMENT_TARGET = 13.4;
				MTL_ENABLE_DEBUG_INFO = INCLUDE_SOURCE;
				MTL_FAST_MATH = YES;
				ONLY_ACTIVE_ARCH = YES;
				SDKROOT = iphoneos;
				SWIFT_ACTIVE_COMPILATION_CONDITIONS = DEBUG;
				SWIFT_OPTIMIZATION_LEVEL = "-Onone";
			};
			name = Debug;
		};
		85C4BC222465824B0056DD7B /* Release */ = {
			isa = XCBuildConfiguration;
			buildSettings = {
				ALWAYS_SEARCH_USER_PATHS = NO;
				CLANG_ANALYZER_NONNULL = YES;
				CLANG_ANALYZER_NUMBER_OBJECT_CONVERSION = YES_AGGRESSIVE;
				CLANG_CXX_LANGUAGE_STANDARD = "gnu++14";
				CLANG_CXX_LIBRARY = "libc++";
				CLANG_ENABLE_MODULES = YES;
				CLANG_ENABLE_OBJC_ARC = YES;
				CLANG_ENABLE_OBJC_WEAK = YES;
				CLANG_WARN_BLOCK_CAPTURE_AUTORELEASING = YES;
				CLANG_WARN_BOOL_CONVERSION = YES;
				CLANG_WARN_COMMA = YES;
				CLANG_WARN_CONSTANT_CONVERSION = YES;
				CLANG_WARN_DEPRECATED_OBJC_IMPLEMENTATIONS = YES;
				CLANG_WARN_DIRECT_OBJC_ISA_USAGE = YES_ERROR;
				CLANG_WARN_DOCUMENTATION_COMMENTS = YES;
				CLANG_WARN_EMPTY_BODY = YES;
				CLANG_WARN_ENUM_CONVERSION = YES;
				CLANG_WARN_INFINITE_RECURSION = YES;
				CLANG_WARN_INT_CONVERSION = YES;
				CLANG_WARN_NON_LITERAL_NULL_CONVERSION = YES;
				CLANG_WARN_OBJC_IMPLICIT_RETAIN_SELF = YES;
				CLANG_WARN_OBJC_LITERAL_CONVERSION = YES;
				CLANG_WARN_OBJC_ROOT_CLASS = YES_ERROR;
				CLANG_WARN_RANGE_LOOP_ANALYSIS = YES;
				CLANG_WARN_STRICT_PROTOTYPES = YES;
				CLANG_WARN_SUSPICIOUS_MOVE = YES;
				CLANG_WARN_UNGUARDED_AVAILABILITY = YES_AGGRESSIVE;
				CLANG_WARN_UNREACHABLE_CODE = YES;
				CLANG_WARN__DUPLICATE_METHOD_MATCH = YES;
				COPY_PHASE_STRIP = NO;
				DEBUG_INFORMATION_FORMAT = "dwarf-with-dsym";
				ENABLE_NS_ASSERTIONS = NO;
				ENABLE_STRICT_OBJC_MSGSEND = YES;
				GCC_C_LANGUAGE_STANDARD = gnu11;
				GCC_NO_COMMON_BLOCKS = YES;
				GCC_WARN_64_TO_32_BIT_CONVERSION = YES;
				GCC_WARN_ABOUT_RETURN_TYPE = YES_ERROR;
				GCC_WARN_UNDECLARED_SELECTOR = YES;
				GCC_WARN_UNINITIALIZED_AUTOS = YES_AGGRESSIVE;
				GCC_WARN_UNUSED_FUNCTION = YES;
				GCC_WARN_UNUSED_VARIABLE = YES;
				IPHONEOS_DEPLOYMENT_TARGET = 13.4;
				MTL_ENABLE_DEBUG_INFO = NO;
				MTL_FAST_MATH = YES;
				SDKROOT = iphoneos;
				SWIFT_COMPILATION_MODE = wholemodule;
				SWIFT_OPTIMIZATION_LEVEL = "-O";
				VALIDATE_PRODUCT = YES;
			};
			name = Release;
		};
		85C4BC242465824B0056DD7B /* Debug */ = {
			isa = XCBuildConfiguration;
			baseConfigurationReference = 988FC008286E456E3249190F /* Pods-test4.debug.xcconfig */;
			buildSettings = {
				ASSETCATALOG_COMPILER_APPICON_NAME = AppIcon;
				CODE_SIGN_STYLE = Automatic;
				DEVELOPMENT_TEAM = 36X79G449U;
				INFOPLIST_FILE = test4/Info.plist;
				LD_RUNPATH_SEARCH_PATHS = (
					"$(inherited)",
					"@executable_path/Frameworks",
				);
				PRODUCT_BUNDLE_IDENTIFIER = com.alexanderbatalov.test4;
				PRODUCT_NAME = "$(TARGET_NAME)";
				SWIFT_VERSION = 5.0;
				TARGETED_DEVICE_FAMILY = "1,2";
			};
			name = Debug;
		};
		85C4BC252465824B0056DD7B /* Release */ = {
			isa = XCBuildConfiguration;
			baseConfigurationReference = 1F87060C045609B9BDC0B3CC /* Pods-test4.release.xcconfig */;
			buildSettings = {
				ASSETCATALOG_COMPILER_APPICON_NAME = AppIcon;
				CODE_SIGN_STYLE = Automatic;
				DEVELOPMENT_TEAM = 36X79G449U;
				INFOPLIST_FILE = test4/Info.plist;
				LD_RUNPATH_SEARCH_PATHS = (
					"$(inherited)",
					"@executable_path/Frameworks",
				);
				PRODUCT_BUNDLE_IDENTIFIER = com.alexanderbatalov.test4;
				PRODUCT_NAME = "$(TARGET_NAME)";
				SWIFT_VERSION = 5.0;
				TARGETED_DEVICE_FAMILY = "1,2";
			};
			name = Release;
		};
/* End XCBuildConfiguration section */

/* Begin XCConfigurationList section */
		85C4BC0A246582470056DD7B /* Build configuration list for PBXProject "test4" */ = {
			isa = XCConfigurationList;
			buildConfigurations = (
				85C4BC212465824B0056DD7B /* Debug */,
				85C4BC222465824B0056DD7B /* Release */,
			);
			defaultConfigurationIsVisible = 0;
			defaultConfigurationName = Release;
		};
		85C4BC232465824B0056DD7B /* Build configuration list for PBXNativeTarget "test4" */ = {
			isa = XCConfigurationList;
			buildConfigurations = (
				85C4BC242465824B0056DD7B /* Debug */,
				85C4BC252465824B0056DD7B /* Release */,
			);
			defaultConfigurationIsVisible = 0;
			defaultConfigurationName = Release;
		};
/* End XCConfigurationList section */
	};
	rootObject = 85C4BC07246582470056DD7B /* Project object */;
}
